
Microsoft Visual Studio Solution File, Format Version 12.00
# Visual Studio 15
VisualStudioVersion = 15.0.28307.421
MinimumVisualStudioVersion = 10.0.40219.1
Project("{FAE04EC0-301F-11D3-BF4B-00C04F79EFBC}") = "Opgave2_5.console", "Opgave2_5.console\Opgave2_5.console.csproj", "{9F479B3E-D371-4AF2-B4A3-96DB53772E6E}"
EndProject
Project("{FAE04EC0-301F-11D3-BF4B-00C04F79EFBC}") = "Opgave2_5.test", "Opgave2_5.test\Opgave2_5.test.csproj", "{43D72534-B8D0-42BB-84CD-76AD73437648}"
EndProject
Global
	GlobalSection(SolutionConfigurationPlatforms) = preSolution
		Debug|Any CPU = Debug|Any CPU
		Release|Any CPU = Release|Any CPU
	EndGlobalSection
	GlobalSection(ProjectConfigurationPlatforms) = postSolution
		{9F479B3E-D371-4AF2-B4A3-96DB53772E6E}.Debug|Any CPU.ActiveCfg = Debug|Any CPU
		{9F479B3E-D371-4AF2-B4A3-96DB53772E6E}.Debug|Any CPU.Build.0 = Debug|Any CPU
		{9F479B3E-D371-4AF2-B4A3-96DB53772E6E}.Release|Any CPU.ActiveCfg = Release|Any CPU
		{9F479B3E-D371-4AF2-B4A3-96DB53772E6E}.Release|Any CPU.Build.0 = Release|Any CPU
		{43D72534-B8D0-42BB-84CD-76AD73437648}.Debug|Any CPU.ActiveCfg = Debug|Any CPU
		{43D72534-B8D0-42BB-84CD-76AD73437648}.Debug|Any CPU.Build.0 = Debug|Any CPU
		{43D72534-B8D0-42BB-84CD-76AD73437648}.Release|Any CPU.ActiveCfg = Release|Any CPU
		{43D72534-B8D0-42BB-84CD-76AD73437648}.Release|Any CPU.Build.0 = Release|Any CPU
	EndGlobalSection
	GlobalSection(SolutionProperties) = preSolution
		HideSolutionNode = FALSE
	EndGlobalSection
	GlobalSection(ExtensibilityGlobals) = postSolution
		SolutionGuid = {F7EE5DAF-5EB7-43F6-B3FC-C6A53BBEB687}
	EndGlobalSection
EndGlobal
