
Microsoft Visual Studio Solution File, Format Version 12.00
# Visual Studio 15
VisualStudioVersion = 15.0.28307.421
MinimumVisualStudioVersion = 10.0.40219.1
Project("{FAE04EC0-301F-11D3-BF4B-00C04F79EFBC}") = "Opgave2_4.console", "Opgave2_4.console\Opgave2_4.console.csproj", "{D1B338EF-F93A-4C1F-B8A8-AA57D01BD1B5}"
EndProject
Project("{FAE04EC0-301F-11D3-BF4B-00C04F79EFBC}") = "Opgave2_4.test", "Opgave2_4.test\Opgave2_4.test.csproj", "{820D728B-9029-47FA-86CD-491CA140B298}"
EndProject
Global
	GlobalSection(SolutionConfigurationPlatforms) = preSolution
		Debug|Any CPU = Debug|Any CPU
		Release|Any CPU = Release|Any CPU
	EndGlobalSection
	GlobalSection(ProjectConfigurationPlatforms) = postSolution
		{D1B338EF-F93A-4C1F-B8A8-AA57D01BD1B5}.Debug|Any CPU.ActiveCfg = Debug|Any CPU
		{D1B338EF-F93A-4C1F-B8A8-AA57D01BD1B5}.Debug|Any CPU.Build.0 = Debug|Any CPU
		{D1B338EF-F93A-4C1F-B8A8-AA57D01BD1B5}.Release|Any CPU.ActiveCfg = Release|Any CPU
		{D1B338EF-F93A-4C1F-B8A8-AA57D01BD1B5}.Release|Any CPU.Build.0 = Release|Any CPU
		{820D728B-9029-47FA-86CD-491CA140B298}.Debug|Any CPU.ActiveCfg = Debug|Any CPU
		{820D728B-9029-47FA-86CD-491CA140B298}.Debug|Any CPU.Build.0 = Debug|Any CPU
		{820D728B-9029-47FA-86CD-491CA140B298}.Release|Any CPU.ActiveCfg = Release|Any CPU
		{820D728B-9029-47FA-86CD-491CA140B298}.Release|Any CPU.Build.0 = Release|Any CPU
	EndGlobalSection
	GlobalSection(SolutionProperties) = preSolution
		HideSolutionNode = FALSE
	EndGlobalSection
	GlobalSection(ExtensibilityGlobals) = postSolution
		SolutionGuid = {432764BF-FF9D-4245-B993-62736A0DD08A}
	EndGlobalSection
EndGlobal
